
Microsoft Visual Studio Solution File, Format Version 12.00
# Visual Studio Version 17
VisualStudioVersion = 17.1.32210.238
MinimumVisualStudioVersion = 10.0.40219.1
Project("{FAE04EC0-301F-11D3-BF4B-00C04F79EFBC}") = "StudentManagmentSystem.API", "StudentManagmentSystem.API\StudentManagmentSystem.API.csproj", "{DDE1288E-8FE9-4F46-8B44-56DB38903BB2}"
EndProject
Global
	GlobalSection(SolutionConfigurationPlatforms) = preSolution
		Debug|Any CPU = Debug|Any CPU
		Release|Any CPU = Release|Any CPU
	EndGlobalSection
	GlobalSection(ProjectConfigurationPlatforms) = postSolution
		{DDE1288E-8FE9-4F46-8B44-56DB38903BB2}.Debug|Any CPU.ActiveCfg = Debug|Any CPU
		{DDE1288E-8FE9-4F46-8B44-56DB38903BB2}.Debug|Any CPU.Build.0 = Debug|Any CPU
		{DDE1288E-8FE9-4F46-8B44-56DB38903BB2}.Release|Any CPU.ActiveCfg = Release|Any CPU
		{DDE1288E-8FE9-4F46-8B44-56DB38903BB2}.Release|Any CPU.Build.0 = Release|Any CPU
	EndGlobalSection
	GlobalSection(SolutionProperties) = preSolution
		HideSolutionNode = FALSE
	EndGlobalSection
	GlobalSection(ExtensibilityGlobals) = postSolution
		SolutionGuid = {0A7F7D72-3E1F-41E1-A479-DFC379E1999E}
	EndGlobalSection
EndGlobal
